
Microsoft Visual Studio Solution File, Format Version 12.00
# Visual Studio 15
Project("{FAE04EC0-301F-11D3-BF4B-00C04F79EFBC}") = "Assembly-CSharp-firstpass", "Assembly-CSharp-firstpass.csproj", "{20219792-4720-C14A-A51B-BE959B89D674}"
EndProject
Project("{FAE04EC0-301F-11D3-BF4B-00C04F79EFBC}") = "Assembly-CSharp", "Assembly-CSharp.csproj", "{D8921608-0A15-E4F7-B8BE-DEF2674B5021}"
EndProject
Project("{FAE04EC0-301F-11D3-BF4B-00C04F79EFBC}") = "Assembly-CSharp-Editor-firstpass", "Assembly-CSharp-Editor-firstpass.csproj", "{CE077778-DC11-60CC-CF10-6BE3D77E55E4}"
EndProject
Global
	GlobalSection(SolutionConfigurationPlatforms) = preSolution
		Debug|Any CPU = Debug|Any CPU
		Release|Any CPU = Release|Any CPU
	EndGlobalSection
	GlobalSection(ProjectConfigurationPlatforms) = postSolution
		{20219792-4720-C14A-A51B-BE959B89D674}.Debug|Any CPU.ActiveCfg = Debug|Any CPU
		{20219792-4720-C14A-A51B-BE959B89D674}.Debug|Any CPU.Build.0 = Debug|Any CPU
		{20219792-4720-C14A-A51B-BE959B89D674}.Release|Any CPU.ActiveCfg = Release|Any CPU
		{20219792-4720-C14A-A51B-BE959B89D674}.Release|Any CPU.Build.0 = Release|Any CPU
		{D8921608-0A15-E4F7-B8BE-DEF2674B5021}.Debug|Any CPU.ActiveCfg = Debug|Any CPU
		{D8921608-0A15-E4F7-B8BE-DEF2674B5021}.Debug|Any CPU.Build.0 = Debug|Any CPU
		{D8921608-0A15-E4F7-B8BE-DEF2674B5021}.Release|Any CPU.ActiveCfg = Release|Any CPU
		{D8921608-0A15-E4F7-B8BE-DEF2674B5021}.Release|Any CPU.Build.0 = Release|Any CPU
		{CE077778-DC11-60CC-CF10-6BE3D77E55E4}.Debug|Any CPU.ActiveCfg = Debug|Any CPU
		{CE077778-DC11-60CC-CF10-6BE3D77E55E4}.Debug|Any CPU.Build.0 = Debug|Any CPU
		{CE077778-DC11-60CC-CF10-6BE3D77E55E4}.Release|Any CPU.ActiveCfg = Release|Any CPU
		{CE077778-DC11-60CC-CF10-6BE3D77E55E4}.Release|Any CPU.Build.0 = Release|Any CPU
	EndGlobalSection
	GlobalSection(SolutionProperties) = preSolution
		HideSolutionNode = FALSE
	EndGlobalSection
EndGlobal
